
Microsoft Visual Studio Solution File, Format Version 12.00
# Visual Studio Version 16
VisualStudioVersion = 16.0.31005.135
MinimumVisualStudioVersion = 10.0.40219.1
Project("{FAE04EC0-301F-11D3-BF4B-00C04F79EFBC}") = "IngetSpeciellt(copypaste)", "IngetSpeciellt(copypaste)\IngetSpeciellt(copypaste).csproj", "{FBF3D9AD-7628-4FF5-A771-9DC64166CE29}"
EndProject
Global
	GlobalSection(SolutionConfigurationPlatforms) = preSolution
		Debug|Any CPU = Debug|Any CPU
		Release|Any CPU = Release|Any CPU
	EndGlobalSection
	GlobalSection(ProjectConfigurationPlatforms) = postSolution
		{FBF3D9AD-7628-4FF5-A771-9DC64166CE29}.Debug|Any CPU.ActiveCfg = Debug|Any CPU
		{FBF3D9AD-7628-4FF5-A771-9DC64166CE29}.Debug|Any CPU.Build.0 = Debug|Any CPU
		{FBF3D9AD-7628-4FF5-A771-9DC64166CE29}.Release|Any CPU.ActiveCfg = Release|Any CPU
		{FBF3D9AD-7628-4FF5-A771-9DC64166CE29}.Release|Any CPU.Build.0 = Release|Any CPU
	EndGlobalSection
	GlobalSection(SolutionProperties) = preSolution
		HideSolutionNode = FALSE
	EndGlobalSection
	GlobalSection(ExtensibilityGlobals) = postSolution
		SolutionGuid = {22BE6293-35D8-4528-8D3C-4C2449B10B6F}
	EndGlobalSection
EndGlobal
